
Microsoft Visual Studio Solution File, Format Version 12.00
# Visual Studio Version 16
VisualStudioVersion = 16.0.31624.102
MinimumVisualStudioVersion = 10.0.40219.1
Project("{FAE04EC0-301F-11D3-BF4B-00C04F79EFBC}") = "KnnProjesi", "KnnProjesi\KnnProjesi.csproj", "{2327F6DF-C728-4E11-8B55-F79DC47AF53B}"
EndProject
Global
	GlobalSection(SolutionConfigurationPlatforms) = preSolution
		Debug|Any CPU = Debug|Any CPU
		Release|Any CPU = Release|Any CPU
	EndGlobalSection
	GlobalSection(ProjectConfigurationPlatforms) = postSolution
		{2327F6DF-C728-4E11-8B55-F79DC47AF53B}.Debug|Any CPU.ActiveCfg = Debug|Any CPU
		{2327F6DF-C728-4E11-8B55-F79DC47AF53B}.Debug|Any CPU.Build.0 = Debug|Any CPU
		{2327F6DF-C728-4E11-8B55-F79DC47AF53B}.Release|Any CPU.ActiveCfg = Release|Any CPU
		{2327F6DF-C728-4E11-8B55-F79DC47AF53B}.Release|Any CPU.Build.0 = Release|Any CPU
	EndGlobalSection
	GlobalSection(SolutionProperties) = preSolution
		HideSolutionNode = FALSE
	EndGlobalSection
	GlobalSection(ExtensibilityGlobals) = postSolution
		SolutionGuid = {054D77A6-1144-4B8B-A929-7C865CCA720D}
	EndGlobalSection
EndGlobal
